
Microsoft Visual Studio Solution File, Format Version 12.00
# Visual Studio Version 16
VisualStudioVersion = 16.0.31402.337
MinimumVisualStudioVersion = 10.0.40219.1
Project("{FAE04EC0-301F-11D3-BF4B-00C04F79EFBC}") = "publishgit", "publishgit\publishgit.csproj", "{42D6FC61-5966-40EE-ABAC-07255A8A9C54}"
EndProject
Global
	GlobalSection(SolutionConfigurationPlatforms) = preSolution
		Debug|Any CPU = Debug|Any CPU
		Release|Any CPU = Release|Any CPU
	EndGlobalSection
	GlobalSection(ProjectConfigurationPlatforms) = postSolution
		{42D6FC61-5966-40EE-ABAC-07255A8A9C54}.Debug|Any CPU.ActiveCfg = Debug|Any CPU
		{42D6FC61-5966-40EE-ABAC-07255A8A9C54}.Debug|Any CPU.Build.0 = Debug|Any CPU
		{42D6FC61-5966-40EE-ABAC-07255A8A9C54}.Release|Any CPU.ActiveCfg = Release|Any CPU
		{42D6FC61-5966-40EE-ABAC-07255A8A9C54}.Release|Any CPU.Build.0 = Release|Any CPU
	EndGlobalSection
	GlobalSection(SolutionProperties) = preSolution
		HideSolutionNode = FALSE
	EndGlobalSection
	GlobalSection(ExtensibilityGlobals) = postSolution
		SolutionGuid = {BB5D6BCE-BFC2-4889-BE0F-852DFDF15292}
	EndGlobalSection
EndGlobal
